
Microsoft Visual Studio Solution File, Format Version 12.00
# Visual Studio 2017
Project("{FAE04EC0-301F-11D3-BF4B-00C04F79EFBC}") = "MonkeyCubeRun", "MonkeyCubeRun.csproj", "{03E4F18D-A91B-5623-B688-103530000582}"
EndProject
Project("{FAE04EC0-301F-11D3-BF4B-00C04F79EFBC}") = "MonkeyCubeRun.Editor", "MonkeyCubeRun.Editor.csproj", "{38DCC41D-8F6E-ED3B-05B7-6BF80A15BE91}"
EndProject
Global
	GlobalSection(SolutionConfigurationPlatforms) = preSolution
		Debug|Any CPU = Debug|Any CPU
		Release|Any CPU = Release|Any CPU
	EndGlobalSection
	GlobalSection(ProjectConfigurationPlatforms) = postSolution
		{03E4F18D-A91B-5623-B688-103530000582}.Debug|Any CPU.ActiveCfg = Debug|Any CPU
		{03E4F18D-A91B-5623-B688-103530000582}.Debug|Any CPU.Build.0 = Debug|Any CPU
		{03E4F18D-A91B-5623-B688-103530000582}.Release|Any CPU.ActiveCfg = Release|Any CPU
		{03E4F18D-A91B-5623-B688-103530000582}.Release|Any CPU.Build.0 = Release|Any CPU
		{38DCC41D-8F6E-ED3B-05B7-6BF80A15BE91}.Debug|Any CPU.ActiveCfg = Debug|Any CPU
		{38DCC41D-8F6E-ED3B-05B7-6BF80A15BE91}.Debug|Any CPU.Build.0 = Debug|Any CPU
		{38DCC41D-8F6E-ED3B-05B7-6BF80A15BE91}.Release|Any CPU.ActiveCfg = Release|Any CPU
		{38DCC41D-8F6E-ED3B-05B7-6BF80A15BE91}.Release|Any CPU.Build.0 = Release|Any CPU
	EndGlobalSection
	GlobalSection(SolutionProperties) = preSolution
		HideSolutionNode = FALSE
	EndGlobalSection
EndGlobal
